
Microsoft Visual Studio Solution File, Format Version 12.00
# Visual Studio Version 17
VisualStudioVersion = 17.10.35122.118
MinimumVisualStudioVersion = 10.0.40219.1
Project("{FAE04EC0-301F-11D3-BF4B-00C04F79EFBC}") = "QLBanhang", "QLBanhang\QLBanhang.csproj", "{24D29E6B-47B9-4DE7-9825-9D9A3EC6A571}"
EndProject
Global
	GlobalSection(SolutionConfigurationPlatforms) = preSolution
		Debug|Any CPU = Debug|Any CPU
		Release|Any CPU = Release|Any CPU
	EndGlobalSection
	GlobalSection(ProjectConfigurationPlatforms) = postSolution
		{24D29E6B-47B9-4DE7-9825-9D9A3EC6A571}.Debug|Any CPU.ActiveCfg = Debug|Any CPU
		{24D29E6B-47B9-4DE7-9825-9D9A3EC6A571}.Debug|Any CPU.Build.0 = Debug|Any CPU
		{24D29E6B-47B9-4DE7-9825-9D9A3EC6A571}.Release|Any CPU.ActiveCfg = Release|Any CPU
		{24D29E6B-47B9-4DE7-9825-9D9A3EC6A571}.Release|Any CPU.Build.0 = Release|Any CPU
	EndGlobalSection
	GlobalSection(SolutionProperties) = preSolution
		HideSolutionNode = FALSE
	EndGlobalSection
	GlobalSection(ExtensibilityGlobals) = postSolution
		SolutionGuid = {42A7D3C7-485B-41A5-AB67-B365E09A077E}
	EndGlobalSection
EndGlobal
